{
  "name": "vllm_ff",
  "lockfileVersion": 3,
  "requires": true,
  "packages": {
    "": {
      "devDependencies": {
        "@anthropic-ai/claude-code": "^2.1.217"
      }
    },
    "node_modules/@anthropic-ai/claude-code": {
      "version": "2.1.217",
      "resolved": "https://registry.npmjs.org/@anthropic-ai/claude-code/-/claude-code-2.1.217.tgz",
      "integrity": "sha512-EIcc3GmI7x+qPlKCjpcLIjCh7YOaCFbOqKfL4BmwZS6QmtduVNT5E98oyr8n2cxsgeWVbnQ0mSVljTw5C/kFtA==",
      "dev": true,
      "hasInstallScript": true,
      "license": "SEE LICENSE IN README.md",
      "bin": {
        "claude": "bin/claude.exe"
      },
      "engines": {
        "node": ">=22.0.0"
      },
      "optionalDependencies": {
        "@anthropic-ai/claude-code-darwin-arm64": "2.1.217",
        "@anthropic-ai/claude-code-darwin-x64": "2.1.217",
        "@anthropic-ai/claude-code-linux-arm64": "2.1.217",
        "@anthropic-ai/claude-code-linux-arm64-musl": "2.1.217",
        "@anthropic-ai/claude-code-linux-x64": "2.1.217",
        "@anthropic-ai/claude-code-linux-x64-musl": "2.1.217",
        "@anthropic-ai/claude-code-win32-arm64": "2.1.217",
        "@anthropic-ai/claude-code-win32-x64": "2.1.217"
      }
    },
    "node_modules/@anthropic-ai/claude-code-darwin-arm64": {
      "version": "2.1.217",
      "resolved": "https://registry.npmjs.org/@anthropic-ai/claude-code-darwin-arm64/-/claude-code-darwin-arm64-2.1.217.tgz",
      "integrity": "sha512-w1n/sitmcNyR0G8VzJ4j2RuNVd+K1oVO7YD69y2Je0kzTJ0XMhMXSe1DDd5i0Q93CabhftvRBo1Ja/ZEOvDALg==",
      "cpu": [
        "arm64"
      ],
      "dev": true,
      "license": "SEE LICENSE IN LICENSE.md",
      "optional": true,
      "os": [
        "darwin"
      ]
    },
    "node_modules/@anthropic-ai/claude-code-darwin-x64": {
      "version": "2.1.217",
      "resolved": "https://registry.npmjs.org/@anthropic-ai/claude-code-darwin-x64/-/claude-code-darwin-x64-2.1.217.tgz",
      "integrity": "sha512-aXEI06uRiJw5aeM1PWRo8iiSLAwbTp60cI8+A6UFY3MII9HCWauGcya8n9peSB83Qxz0i63hjVLpVrgt92cHAg==",
      "cpu": [
        "x64"
      ],
      "dev": true,
      "license": "SEE LICENSE IN LICENSE.md",
      "optional": true,
      "os": [
        "darwin"
      ]
    },
    "node_modules/@anthropic-ai/claude-code-linux-arm64": {
      "version": "2.1.217",
      "resolved": "https://registry.npmjs.org/@anthropic-ai/claude-code-linux-arm64/-/claude-code-linux-arm64-2.1.217.tgz",
      "integrity": "sha512-u0uRgmcZTL1vVQVvFbQ2GVjmmFQ+MhEGNrWaqm5xddqpVPE3RGVlm6wt1icMieV+wGdwCAzBNb89MeRM5giwzw==",
      "cpu": [
        "arm64"
      ],
      "dev": true,
      "license": "SEE LICENSE IN LICENSE.md",
      "optional": true,
      "os": [
        "linux"
      ]
    },
    "node_modules/@anthropic-ai/claude-code-linux-arm64-musl": {
      "version": "2.1.217",
      "resolved": "https://registry.npmjs.org/@anthropic-ai/claude-code-linux-arm64-musl/-/claude-code-linux-arm64-musl-2.1.217.tgz",
      "integrity": "sha512-gw/12P/vY0WIV9babBvk5M4c4J2BT3A09tX5KcGsqcnYf+wuYnOSmUFTVImb7OMlCDIBGPjCDmgfSUVs0pTGQg==",
      "cpu": [
        "arm64"
      ],
      "dev": true,
      "license": "SEE LICENSE IN LICENSE.md",
      "optional": true,
      "os": [
        "linux"
      ]
    },
    "node_modules/@anthropic-ai/claude-code-linux-x64": {
      "version": "2.1.217",
      "resolved": "https://registry.npmjs.org/@anthropic-ai/claude-code-linux-x64/-/claude-code-linux-x64-2.1.217.tgz",
      "integrity": "sha512-tZbghQ8V49xA2uWuooi5+ZkN1l9JMC6cVCKUFL95qevNgi9HmAB312IgsbKdJd733QvVkBDeHqrvMuihcdtLvg==",
      "cpu": [
        "x64"
      ],
      "dev": true,
      "license": "SEE LICENSE IN LICENSE.md",
      "optional": true,
      "os": [
        "linux"
      ]
    },
    "node_modules/@anthropic-ai/claude-code-linux-x64-musl": {
      "version": "2.1.217",
      "resolved": "https://registry.npmjs.org/@anthropic-ai/claude-code-linux-x64-musl/-/claude-code-linux-x64-musl-2.1.217.tgz",
      "integrity": "sha512-NRqy7DkptF+cPVwOu99JOo4E5KIFwY7XNfXefbPYUmJQEaZT6GakLaRY7KZnb7QCzV6G2ib40IU/IE4cpfzOdQ==",
      "cpu": [
        "x64"
      ],
      "dev": true,
      "license": "SEE LICENSE IN LICENSE.md",
      "optional": true,
      "os": [
        "linux"
      ]
    },
    "node_modules/@anthropic-ai/claude-code-win32-arm64": {
      "version": "2.1.217",
      "resolved": "https://registry.npmjs.org/@anthropic-ai/claude-code-win32-arm64/-/claude-code-win32-arm64-2.1.217.tgz",
      "integrity": "sha512-MNXUzpmAvcTw3q8k4mrAxmJTTPr72Kwz+USHaXNn9Dnuf00fzPRtpxAbvRoP8rmiAvaxkx1FhIDMrx9MTr3OEA==",
      "cpu": [
        "arm64"
      ],
      "dev": true,
      "license": "SEE LICENSE IN LICENSE.md",
      "optional": true,
      "os": [
        "win32"
      ]
    },
    "node_modules/@anthropic-ai/claude-code-win32-x64": {
      "version": "2.1.217",
      "resolved": "https://registry.npmjs.org/@anthropic-ai/claude-code-win32-x64/-/claude-code-win32-x64-2.1.217.tgz",
      "integrity": "sha512-NOopwp5bEXPR6TQiomDkRIKX1MQ24MzzTRUj6Oo7or2k4STB4qmCMHpYSJafllhv77HEQAWk4x+EVzp1hiHpVg==",
      "cpu": [
        "x64"
      ],
      "dev": true,
      "license": "SEE LICENSE IN LICENSE.md",
      "optional": true,
      "os": [
        "win32"
      ]
    }
  }
}
